
Microsoft Visual Studio Solution File, Format Version 12.00
# Visual Studio 15
VisualStudioVersion = 15.0.27428.2037
MinimumVisualStudioVersion = 10.0.40219.1
Project("{FAE04EC0-301F-11D3-BF4B-00C04F79EFBC}") = "DentalShop.Android", "DentalShop\DentalShop.Android\DentalShop.Android.csproj", "{B5E45599-B384-4F43-AEC2-5D4EA9ED0812}"
EndProject
Project("{FAE04EC0-301F-11D3-BF4B-00C04F79EFBC}") = "DentalShop.iOS", "DentalShop\DentalShop.iOS\DentalShop.iOS.csproj", "{1AFFA534-ABE1-4BDA-AD8B-5F3D7036CEFD}"
EndProject
Project("{9A19103F-16F7-4668-BE54-9A1E7A4F7556}") = "DentalShop", "DentalShop\DentalShop\DentalShop.csproj", "{429BFBD0-2485-48E6-B9A3-CCEB6C5738B8}"
EndProject
Global
	GlobalSection(SolutionConfigurationPlatforms) = preSolution
		Ad-Hoc|Any CPU = Ad-Hoc|Any CPU
		Ad-Hoc|iPhone = Ad-Hoc|iPhone
		Ad-Hoc|iPhoneSimulator = Ad-Hoc|iPhoneSimulator
		AppStore|Any CPU = AppStore|Any CPU
		AppStore|iPhone = AppStore|iPhone
		AppStore|iPhoneSimulator = AppStore|iPhoneSimulator
		Debug|Any CPU = Debug|Any CPU
		Debug|iPhone = Debug|iPhone
		Debug|iPhoneSimulator = Debug|iPhoneSimulator
		Release|Any CPU = Release|Any CPU
		Release|iPhone = Release|iPhone
		Release|iPhoneSimulator = Release|iPhoneSimulator
	EndGlobalSection
	GlobalSection(ProjectConfigurationPlatforms) = postSolution
		{B5E45599-B384-4F43-AEC2-5D4EA9ED0812}.Ad-Hoc|Any CPU.ActiveCfg = Release|Any CPU
		{B5E45599-B384-4F43-AEC2-5D4EA9ED0812}.Ad-Hoc|Any CPU.Build.0 = Release|Any CPU
		{B5E45599-B384-4F43-AEC2-5D4EA9ED0812}.Ad-Hoc|Any CPU.Deploy.0 = Release|Any CPU
		{B5E45599-B384-4F43-AEC2-5D4EA9ED0812}.Ad-Hoc|iPhone.ActiveCfg = Release|Any CPU
		{B5E45599-B384-4F43-AEC2-5D4EA9ED0812}.Ad-Hoc|iPhone.Build.0 = Release|Any CPU
		{B5E45599-B384-4F43-AEC2-5D4EA9ED0812}.Ad-Hoc|iPhone.Deploy.0 = Release|Any CPU
		{B5E45599-B384-4F43-AEC2-5D4EA9ED0812}.Ad-Hoc|iPhoneSimulator.ActiveCfg = Release|Any CPU
		{B5E45599-B384-4F43-AEC2-5D4EA9ED0812}.Ad-Hoc|iPhoneSimulator.Build.0 = Release|Any CPU
		{B5E45599-B384-4F43-AEC2-5D4EA9ED0812}.Ad-Hoc|iPhoneSimulator.Deploy.0 = Release|Any CPU
		{B5E45599-B384-4F43-AEC2-5D4EA9ED0812}.AppStore|Any CPU.ActiveCfg = Release|Any CPU
		{B5E45599-B384-4F43-AEC2-5D4EA9ED0812}.AppStore|Any CPU.Build.0 = Release|Any CPU
		{B5E45599-B384-4F43-AEC2-5D4EA9ED0812}.AppStore|Any CPU.Deploy.0 = Release|Any CPU
		{B5E45599-B384-4F43-AEC2-5D4EA9ED0812}.AppStore|iPhone.ActiveCfg = Release|Any CPU
		{B5E45599-B384-4F43-AEC2-5D4EA9ED0812}.AppStore|iPhone.Build.0 = Release|Any CPU
		{B5E45599-B384-4F43-AEC2-5D4EA9ED0812}.AppStore|iPhone.Deploy.0 = Release|Any CPU
		{B5E45599-B384-4F43-AEC2-5D4EA9ED0812}.AppStore|iPhoneSimulator.ActiveCfg = Release|Any CPU
		{B5E45599-B384-4F43-AEC2-5D4EA9ED0812}.AppStore|iPhoneSimulator.Build.0 = Release|Any CPU
		{B5E45599-B384-4F43-AEC2-5D4EA9ED0812}.AppStore|iPhoneSimulator.Deploy.0 = Release|Any CPU
		{B5E45599-B384-4F43-AEC2-5D4EA9ED0812}.Debug|Any CPU.ActiveCfg = Debug|Any CPU
		{B5E45599-B384-4F43-AEC2-5D4EA9ED0812}.Debug|Any CPU.Build.0 = Debug|Any CPU
		{B5E45599-B384-4F43-AEC2-5D4EA9ED0812}.Debug|Any CPU.Deploy.0 = Debug|Any CPU
		{B5E45599-B384-4F43-AEC2-5D4EA9ED0812}.Debug|iPhone.ActiveCfg = Debug|Any CPU
		{B5E45599-B384-4F43-AEC2-5D4EA9ED0812}.Debug|iPhone.Build.0 = Debug|Any CPU
		{B5E45599-B384-4F43-AEC2-5D4EA9ED0812}.Debug|iPhone.Deploy.0 = Debug|Any CPU
		{B5E45599-B384-4F43-AEC2-5D4EA9ED0812}.Debug|iPhoneSimulator.ActiveCfg = Debug|Any CPU
		{B5E45599-B384-4F43-AEC2-5D4EA9ED0812}.Debug|iPhoneSimulator.Build.0 = Debug|Any CPU
		{B5E45599-B384-4F43-AEC2-5D4EA9ED0812}.Debug|iPhoneSimulator.Deploy.0 = Debug|Any CPU
		{B5E45599-B384-4F43-AEC2-5D4EA9ED0812}.Release|Any CPU.ActiveCfg = Release|Any CPU
		{B5E45599-B384-4F43-AEC2-5D4EA9ED0812}.Release|Any CPU.Build.0 = Release|Any CPU
		{B5E45599-B384-4F43-AEC2-5D4EA9ED0812}.Release|Any CPU.Deploy.0 = Release|Any CPU
		{B5E45599-B384-4F43-AEC2-5D4EA9ED0812}.Release|iPhone.ActiveCfg = Release|Any CPU
		{B5E45599-B384-4F43-AEC2-5D4EA9ED0812}.Release|iPhone.Build.0 = Release|Any CPU
		{B5E45599-B384-4F43-AEC2-5D4EA9ED0812}.Release|iPhone.Deploy.0 = Release|Any CPU
		{B5E45599-B384-4F43-AEC2-5D4EA9ED0812}.Release|iPhoneSimulator.ActiveCfg = Release|Any CPU
		{B5E45599-B384-4F43-AEC2-5D4EA9ED0812}.Release|iPhoneSimulator.Build.0 = Release|Any CPU
		{B5E45599-B384-4F43-AEC2-5D4EA9ED0812}.Release|iPhoneSimulator.Deploy.0 = Release|Any CPU
		{1AFFA534-ABE1-4BDA-AD8B-5F3D7036CEFD}.Ad-Hoc|Any CPU.ActiveCfg = Ad-Hoc|iPhone
		{1AFFA534-ABE1-4BDA-AD8B-5F3D7036CEFD}.Ad-Hoc|iPhone.ActiveCfg = Ad-Hoc|iPhone
		{1AFFA534-ABE1-4BDA-AD8B-5F3D7036CEFD}.Ad-Hoc|iPhone.Build.0 = Ad-Hoc|iPhone
		{1AFFA534-ABE1-4BDA-AD8B-5F3D7036CEFD}.Ad-Hoc|iPhoneSimulator.ActiveCfg = Ad-Hoc|iPhoneSimulator
		{1AFFA534-ABE1-4BDA-AD8B-5F3D7036CEFD}.Ad-Hoc|iPhoneSimulator.Build.0 = Ad-Hoc|iPhoneSimulator
		{1AFFA534-ABE1-4BDA-AD8B-5F3D7036CEFD}.AppStore|Any CPU.ActiveCfg = AppStore|iPhone
		{1AFFA534-ABE1-4BDA-AD8B-5F3D7036CEFD}.AppStore|iPhone.ActiveCfg = AppStore|iPhone
		{1AFFA534-ABE1-4BDA-AD8B-5F3D7036CEFD}.AppStore|iPhone.Build.0 = AppStore|iPhone
		{1AFFA534-ABE1-4BDA-AD8B-5F3D7036CEFD}.AppStore|iPhoneSimulator.ActiveCfg = AppStore|iPhoneSimulator
		{1AFFA534-ABE1-4BDA-AD8B-5F3D7036CEFD}.AppStore|iPhoneSimulator.Build.0 = AppStore|iPhoneSimulator
		{1AFFA534-ABE1-4BDA-AD8B-5F3D7036CEFD}.Debug|Any CPU.ActiveCfg = Debug|iPhone
		{1AFFA534-ABE1-4BDA-AD8B-5F3D7036CEFD}.Debug|iPhone.ActiveCfg = Debug|iPhone
		{1AFFA534-ABE1-4BDA-AD8B-5F3D7036CEFD}.Debug|iPhone.Build.0 = Debug|iPhone
		{1AFFA534-ABE1-4BDA-AD8B-5F3D7036CEFD}.Debug|iPhoneSimulator.ActiveCfg = Debug|iPhoneSimulator
		{1AFFA534-ABE1-4BDA-AD8B-5F3D7036CEFD}.Debug|iPhoneSimulator.Build.0 = Debug|iPhoneSimulator
		{1AFFA534-ABE1-4BDA-AD8B-5F3D7036CEFD}.Release|Any CPU.ActiveCfg = Release|iPhone
		{1AFFA534-ABE1-4BDA-AD8B-5F3D7036CEFD}.Release|iPhone.ActiveCfg = Release|iPhone
		{1AFFA534-ABE1-4BDA-AD8B-5F3D7036CEFD}.Release|iPhone.Build.0 = Release|iPhone
		{1AFFA534-ABE1-4BDA-AD8B-5F3D7036CEFD}.Release|iPhoneSimulator.ActiveCfg = Release|iPhoneSimulator
		{1AFFA534-ABE1-4BDA-AD8B-5F3D7036CEFD}.Release|iPhoneSimulator.Build.0 = Release|iPhoneSimulator
		{429BFBD0-2485-48E6-B9A3-CCEB6C5738B8}.Ad-Hoc|Any CPU.ActiveCfg = Debug|Any CPU
		{429BFBD0-2485-48E6-B9A3-CCEB6C5738B8}.Ad-Hoc|Any CPU.Build.0 = Debug|Any CPU
		{429BFBD0-2485-48E6-B9A3-CCEB6C5738B8}.Ad-Hoc|iPhone.ActiveCfg = Debug|Any CPU
		{429BFBD0-2485-48E6-B9A3-CCEB6C5738B8}.Ad-Hoc|iPhone.Build.0 = Debug|Any CPU
		{429BFBD0-2485-48E6-B9A3-CCEB6C5738B8}.Ad-Hoc|iPhoneSimulator.ActiveCfg = Debug|Any CPU
		{429BFBD0-2485-48E6-B9A3-CCEB6C5738B8}.Ad-Hoc|iPhoneSimulator.Build.0 = Debug|Any CPU
		{429BFBD0-2485-48E6-B9A3-CCEB6C5738B8}.AppStore|Any CPU.ActiveCfg = Debug|Any CPU
		{429BFBD0-2485-48E6-B9A3-CCEB6C5738B8}.AppStore|Any CPU.Build.0 = Debug|Any CPU
		{429BFBD0-2485-48E6-B9A3-CCEB6C5738B8}.AppStore|iPhone.ActiveCfg = Debug|Any CPU
		{429BFBD0-2485-48E6-B9A3-CCEB6C5738B8}.AppStore|iPhone.Build.0 = Debug|Any CPU
		{429BFBD0-2485-48E6-B9A3-CCEB6C5738B8}.AppStore|iPhoneSimulator.ActiveCfg = Debug|Any CPU
		{429BFBD0-2485-48E6-B9A3-CCEB6C5738B8}.AppStore|iPhoneSimulator.Build.0 = Debug|Any CPU
		{429BFBD0-2485-48E6-B9A3-CCEB6C5738B8}.Debug|Any CPU.ActiveCfg = Debug|Any CPU
		{429BFBD0-2485-48E6-B9A3-CCEB6C5738B8}.Debug|Any CPU.Build.0 = Debug|Any CPU
		{429BFBD0-2485-48E6-B9A3-CCEB6C5738B8}.Debug|iPhone.ActiveCfg = Debug|Any CPU
		{429BFBD0-2485-48E6-B9A3-CCEB6C5738B8}.Debug|iPhone.Build.0 = Debug|Any CPU
		{429BFBD0-2485-48E6-B9A3-CCEB6C5738B8}.Debug|iPhoneSimulator.ActiveCfg = Debug|Any CPU
		{429BFBD0-2485-48E6-B9A3-CCEB6C5738B8}.Debug|iPhoneSimulator.Build.0 = Debug|Any CPU
		{429BFBD0-2485-48E6-B9A3-CCEB6C5738B8}.Release|Any CPU.ActiveCfg = Release|Any CPU
		{429BFBD0-2485-48E6-B9A3-CCEB6C5738B8}.Release|Any CPU.Build.0 = Release|Any CPU
		{429BFBD0-2485-48E6-B9A3-CCEB6C5738B8}.Release|iPhone.ActiveCfg = Release|Any CPU
		{429BFBD0-2485-48E6-B9A3-CCEB6C5738B8}.Release|iPhone.Build.0 = Release|Any CPU
		{429BFBD0-2485-48E6-B9A3-CCEB6C5738B8}.Release|iPhoneSimulator.ActiveCfg = Release|Any CPU
		{429BFBD0-2485-48E6-B9A3-CCEB6C5738B8}.Release|iPhoneSimulator.Build.0 = Release|Any CPU
	EndGlobalSection
	GlobalSection(SolutionProperties) = preSolution
		HideSolutionNode = FALSE
	EndGlobalSection
	GlobalSection(ExtensibilityGlobals) = postSolution
		SolutionGuid = {8F380CB7-CCF8-4962-8B36-B687DC3D885F}
	EndGlobalSection
EndGlobal
